// !$*UTF8*$!
{
	archiveVersion = 1;
	classes = {
	};
	objectVersion = 46;
	objects = {

/* Begin PBXBuildFile section */
		A74FFF891EA086C300C1CD66 /* AppDelegate.swift in Sources */ = {isa = PBXBuildFile; fileRef = A74FFF881EA086C300C1CD66 /* AppDelegate.swift */; };
		A74FFF8B1EA086C300C1CD66 /* ViewController.swift in Sources */ = {isa = PBXBuildFile; fileRef = A74FFF8A1EA086C300C1CD66 /* ViewController.swift */; };
		A74FFF8E1EA086C300C1CD66 /* Main.storyboard in Resources */ = {isa = PBXBuildFile; fileRef = A74FFF8C1EA086C300C1CD66 /* Main.storyboard */; };
		A74FFF901EA086C300C1CD66 /* Assets.xcassets in Resources */ = {isa = PBXBuildFile; fileRef = A74FFF8F1EA086C300C1CD66 /* Assets.xcassets */; };
		A74FFF931EA086C300C1CD66 /* LaunchScreen.storyboard in Resources */ = {isa = PBXBuildFile; fileRef = A74FFF911EA086C300C1CD66 /* LaunchScreen.storyboard */; };
		A74FFF9E1EA086C300C1CD66 /* XCodeTest3Tests.swift in Sources */ = {isa = PBXBuildFile; fileRef = A74FFF9D1EA086C300C1CD66 /* XCodeTest3Tests.swift */; };
		A74FFFA91EA086C400C1CD66 /* XCodeTest3UITests.swift in Sources */ = {isa = PBXBuildFile; fileRef = A74FFFA81EA086C400C1CD66 /* XCodeTest3UITests.swift */; };
/* End PBXBuildFile section */

/* Begin PBXContainerItemProxy section */
		A74FFF9A1EA086C300C1CD66 /* PBXContainerItemProxy */ = {
			isa = PBXContainerItemProxy;
			containerPortal = A74FFF7D1EA086C300C1CD66 /* Project object */;
			proxyType = 1;
			remoteGlobalIDString = A74FFF841EA086C300C1CD66;
			remoteInfo = XCodeTest3;
		};
		A74FFFA51EA086C400C1CD66 /* PBXContainerItemProxy */ = {
			isa = PBXContainerItemProxy;
			containerPortal = A74FFF7D1EA086C300C1CD66 /* Project object */;
			proxyType = 1;
			remoteGlobalIDString = A74FFF841EA086C300C1CD66;
			remoteInfo = XCodeTest3;
		};
/* End PBXContainerItemProxy section */

/* Begin PBXFileReference section */
		A74FFF851EA086C300C1CD66 /* XCodeTest3.app */ = {isa = PBXFileReference; explicitFileType = wrapper.application; includeInIndex = 0; path = XCodeTest3.app; sourceTree = BUILT_PRODUCTS_DIR; };
		A74FFF881EA086C300C1CD66 /* AppDelegate.swift */ = {isa = PBXFileReference; lastKnownFileType = sourcecode.swift; path = AppDelegate.swift; sourceTree = "<group>"; };
		A74FFF8A1EA086C300C1CD66 /* ViewController.swift */ = {isa = PBXFileReference; lastKnownFileType = sourcecode.swift; path = ViewController.swift; sourceTree = "<group>"; };
		A74FFF8D1EA086C300C1CD66 /* Base */ = {isa = PBXFileReference; lastKnownFileType = file.storyboard; name = Base; path = Base.lproj/Main.storyboard; sourceTree = "<group>"; };
		A74FFF8F1EA086C300C1CD66 /* Assets.xcassets */ = {isa = PBXFileReference; lastKnownFileType = folder.assetcatalog; path = Assets.xcassets; sourceTree = "<group>"; };
		A74FFF921EA086C300C1CD66 /* Base */ = {isa = PBXFileReference; lastKnownFileType = file.storyboard; name = Base; path = Base.lproj/LaunchScreen.storyboard; sourceTree = "<group>"; };
		A74FFF941EA086C300C1CD66 /* Info.plist */ = {isa = PBXFileReference; lastKnownFileType = text.plist.xml; path = Info.plist; sourceTree = "<group>"; };
		A74FFF991EA086C300C1CD66 /* XCodeTest3Tests.xctest */ = {isa = PBXFileReference; explicitFileType = wrapper.cfbundle; includeInIndex = 0; path = XCodeTest3Tests.xctest; sourceTree = BUILT_PRODUCTS_DIR; };
		A74FFF9D1EA086C300C1CD66 /* XCodeTest3Tests.swift */ = {isa = PBXFileReference; lastKnownFileType = sourcecode.swift; path = XCodeTest3Tests.swift; sourceTree = "<group>"; };
		A74FFF9F1EA086C300C1CD66 /* Info.plist */ = {isa = PBXFileReference; lastKnownFileType = text.plist.xml; path = Info.plist; sourceTree = "<group>"; };
		A74FFFA41EA086C400C1CD66 /* XCodeTest3UITests.xctest */ = {isa = PBXFileReference; explicitFileType = wrapper.cfbundle; includeInIndex = 0; path = XCodeTest3UITests.xctest; sourceTree = BUILT_PRODUCTS_DIR; };
		A74FFFA81EA086C400C1CD66 /* XCodeTest3UITests.swift */ = {isa = PBXFileReference; lastKnownFileType = sourcecode.swift; path = XCodeTest3UITests.swift; sourceTree = "<group>"; };
		A74FFFAA1EA086C400C1CD66 /* Info.plist */ = {isa = PBXFileReference; lastKnownFileType = text.plist.xml; path = Info.plist; sourceTree = "<group>"; };
/* End PBXFileReference section */

/* Begin PBXFrameworksBuildPhase section */
		A74FFF821EA086C300C1CD66 /* Frameworks */ = {
			isa = PBXFrameworksBuildPhase;
			buildActionMask = 2147483647;
			files = (
			);
			runOnlyForDeploymentPostprocessing = 0;
		};
		A74FFF961EA086C300C1CD66 /* Frameworks */ = {
			isa = PBXFrameworksBuildPhase;
			buildActionMask = 2147483647;
			files = (
			);
			runOnlyForDeploymentPostprocessing = 0;
		};
		A74FFFA11EA086C400C1CD66 /* Frameworks */ = {
			isa = PBXFrameworksBuildPhase;
			buildActionMask = 2147483647;
			files = (
			);
			runOnlyForDeploymentPostprocessing = 0;
		};
/* End PBXFrameworksBuildPhase section */

/* Begin PBXGroup section */
		A74FFF7C1EA086C300C1CD66 = {
			isa = PBXGroup;
			children = (
				A74FFF871EA086C300C1CD66 /* XCodeTest3 */,
				A74FFF9C1EA086C300C1CD66 /* XCodeTest3Tests */,
				A74FFFA71EA086C400C1CD66 /* XCodeTest3UITests */,
				A74FFF861EA086C300C1CD66 /* Products */,
			);
			sourceTree = "<group>";
		};
		A74FFF861EA086C300C1CD66 /* Products */ = {
			isa = PBXGroup;
			children = (
				A74FFF851EA086C300C1CD66 /* XCodeTest3.app */,
				A74FFF991EA086C300C1CD66 /* XCodeTest3Tests.xctest */,
				A74FFFA41EA086C400C1CD66 /* XCodeTest3UITests.xctest */,
			);
			name = Products;
			sourceTree = "<group>";
		};
		A74FFF871EA086C300C1CD66 /* XCodeTest3 */ = {
			isa = PBXGroup;
			children = (
				A74FFF881EA086C300C1CD66 /* AppDelegate.swift */,
				A74FFF8A1EA086C300C1CD66 /* ViewController.swift */,
				A74FFF8C1EA086C300C1CD66 /* Main.storyboard */,
				A74FFF8F1EA086C300C1CD66 /* Assets.xcassets */,
				A74FFF911EA086C300C1CD66 /* LaunchScreen.storyboard */,
				A74FFF941EA086C300C1CD66 /* Info.plist */,
			);
			path = XCodeTest3;
			sourceTree = "<group>";
		};
		A74FFF9C1EA086C300C1CD66 /* XCodeTest3Tests */ = {
			isa = PBXGroup;
			children = (
				A74FFF9D1EA086C300C1CD66 /* XCodeTest3Tests.swift */,
				A74FFF9F1EA086C300C1CD66 /* Info.plist */,
			);
			path = XCodeTest3Tests;
			sourceTree = "<group>";
		};
		A74FFFA71EA086C400C1CD66 /* XCodeTest3UITests */ = {
			isa = PBXGroup;
			children = (
				A74FFFA81EA086C400C1CD66 /* XCodeTest3UITests.swift */,
				A74FFFAA1EA086C400C1CD66 /* Info.plist */,
			);
			path = XCodeTest3UITests;
			sourceTree = "<group>";
		};
/* End PBXGroup section */

/* Begin PBXNativeTarget section */
		A74FFF841EA086C300C1CD66 /* XCodeTest3 */ = {
			isa = PBXNativeTarget;
			buildConfigurationList = A74FFFAD1EA086C400C1CD66 /* Build configuration list for PBXNativeTarget "XCodeTest3" */;
			buildPhases = (
				A74FFF811EA086C300C1CD66 /* Sources */,
				A74FFF821EA086C300C1CD66 /* Frameworks */,
				A74FFF831EA086C300C1CD66 /* Resources */,
			);
			buildRules = (
			);
			dependencies = (
			);
			name = XCodeTest3;
			productName = XCodeTest3;
			productReference = A74FFF851EA086C300C1CD66 /* XCodeTest3.app */;
			productType = "com.apple.product-type.application";
		};
		A74FFF981EA086C300C1CD66 /* XCodeTest3Tests */ = {
			isa = PBXNativeTarget;
			buildConfigurationList = A74FFFB01EA086C400C1CD66 /* Build configuration list for PBXNativeTarget "XCodeTest3Tests" */;
			buildPhases = (
				A74FFF951EA086C300C1CD66 /* Sources */,
				A74FFF961EA086C300C1CD66 /* Frameworks */,
				A74FFF971EA086C300C1CD66 /* Resources */,
			);
			buildRules = (
			);
			dependencies = (
				A74FFF9B1EA086C300C1CD66 /* PBXTargetDependency */,
			);
			name = XCodeTest3Tests;
			productName = XCodeTest3Tests;
			productReference = A74FFF991EA086C300C1CD66 /* XCodeTest3Tests.xctest */;
			productType = "com.apple.product-type.bundle.unit-test";
		};
		A74FFFA31EA086C400C1CD66 /* XCodeTest3UITests */ = {
			isa = PBXNativeTarget;
			buildConfigurationList = A74FFFB31EA086C400C1CD66 /* Build configuration list for PBXNativeTarget "XCodeTest3UITests" */;
			buildPhases = (
				A74FFFA01EA086C400C1CD66 /* Sources */,
				A74FFFA11EA086C400C1CD66 /* Frameworks */,
				A74FFFA21EA086C400C1CD66 /* Resources */,
			);
			buildRules = (
			);
			dependencies = (
				A74FFFA61EA086C400C1CD66 /* PBXTargetDependency */,
			);
			name = XCodeTest3UITests;
			productName = XCodeTest3UITests;
			productReference = A74FFFA41EA086C400C1CD66 /* XCodeTest3UITests.xctest */;
			productType = "com.apple.product-type.bundle.ui-testing";
		};
/* End PBXNativeTarget section */

/* Begin PBXProject section */
		A74FFF7D1EA086C300C1CD66 /* Project object */ = {
			isa = PBXProject;
			attributes = {
				LastSwiftUpdateCheck = 0820;
				LastUpgradeCheck = 0820;
				ORGANIZATIONNAME = obata;
				TargetAttributes = {
					A74FFF841EA086C300C1CD66 = {
						CreatedOnToolsVersion = 8.2.1;
						DevelopmentTeam = SFFWT3XC4E;
						ProvisioningStyle = Automatic;
					};
					A74FFF981EA086C300C1CD66 = {
						CreatedOnToolsVersion = 8.2.1;
						DevelopmentTeam = SFFWT3XC4E;
						ProvisioningStyle = Automatic;
						TestTargetID = A74FFF841EA086C300C1CD66;
					};
					A74FFFA31EA086C400C1CD66 = {
						CreatedOnToolsVersion = 8.2.1;
						DevelopmentTeam = SFFWT3XC4E;
						ProvisioningStyle = Automatic;
						TestTargetID = A74FFF841EA086C300C1CD66;
					};
				};
			};
			buildConfigurationList = A74FFF801EA086C300C1CD66 /* Build configuration list for PBXProject "XCodeTest3" */;
			compatibilityVersion = "Xcode 3.2";
			developmentRegion = English;
			hasScannedForEncodings = 0;
			knownRegions = (
				en,
				Base,
			);
			mainGroup = A74FFF7C1EA086C300C1CD66;
			productRefGroup = A74FFF861EA086C300C1CD66 /* Products */;
			projectDirPath = "";
			projectRoot = "";
			targets = (
				A74FFF841EA086C300C1CD66 /* XCodeTest3 */,
				A74FFF981EA086C300C1CD66 /* XCodeTest3Tests */,
				A74FFFA31EA086C400C1CD66 /* XCodeTest3UITests */,
			);
		};
/* End PBXProject section */

/* Begin PBXResourcesBuildPhase section */
		A74FFF831EA086C300C1CD66 /* Resources */ = {
			isa = PBXResourcesBuildPhase;
			buildActionMask = 2147483647;
			files = (
				A74FFF931EA086C300C1CD66 /* LaunchScreen.storyboard in Resources */,
				A74FFF901EA086C300C1CD66 /* Assets.xcassets in Resources */,
				A74FFF8E1EA086C300C1CD66 /* Main.storyboard in Resources */,
			);
			runOnlyForDeploymentPostprocessing = 0;
		};
		A74FFF971EA086C300C1CD66 /* Resources */ = {
			isa = PBXResourcesBuildPhase;
			buildActionMask = 2147483647;
			files = (
			);
			runOnlyForDeploymentPostprocessing = 0;
		};
		A74FFFA21EA086C400C1CD66 /* Resources */ = {
			isa = PBXResourcesBuildPhase;
			buildActionMask = 2147483647;
			files = (
			);
			runOnlyForDeploymentPostprocessing = 0;
		};
/* End PBXResourcesBuildPhase section */

/* Begin PBXSourcesBuildPhase section */
		A74FFF811EA086C300C1CD66 /* Sources */ = {
			isa = PBXSourcesBuildPhase;
			buildActionMask = 2147483647;
			files = (
				A74FFF8B1EA086C300C1CD66 /* ViewController.swift in Sources */,
				A74FFF891EA086C300C1CD66 /* AppDelegate.swift in Sources */,
			);
			runOnlyForDeploymentPostprocessing = 0;
		};
		A74FFF951EA086C300C1CD66 /* Sources */ = {
			isa = PBXSourcesBuildPhase;
			buildActionMask = 2147483647;
			files = (
				A74FFF9E1EA086C300C1CD66 /* XCodeTest3Tests.swift in Sources */,
			);
			runOnlyForDeploymentPostprocessing = 0;
		};
		A74FFFA01EA086C400C1CD66 /* Sources */ = {
			isa = PBXSourcesBuildPhase;
			buildActionMask = 2147483647;
			files = (
				A74FFFA91EA086C400C1CD66 /* XCodeTest3UITests.swift in Sources */,
			);
			runOnlyForDeploymentPostprocessing = 0;
		};
/* End PBXSourcesBuildPhase section */

/* Begin PBXTargetDependency section */
		A74FFF9B1EA086C300C1CD66 /* PBXTargetDependency */ = {
			isa = PBXTargetDependency;
			target = A74FFF841EA086C300C1CD66 /* XCodeTest3 */;
			targetProxy = A74FFF9A1EA086C300C1CD66 /* PBXContainerItemProxy */;
		};
		A74FFFA61EA086C400C1CD66 /* PBXTargetDependency */ = {
			isa = PBXTargetDependency;
			target = A74FFF841EA086C300C1CD66 /* XCodeTest3 */;
			targetProxy = A74FFFA51EA086C400C1CD66 /* PBXContainerItemProxy */;
		};
/* End PBXTargetDependency section */

/* Begin PBXVariantGroup section */
		A74FFF8C1EA086C300C1CD66 /* Main.storyboard */ = {
			isa = PBXVariantGroup;
			children = (
				A74FFF8D1EA086C300C1CD66 /* Base */,
			);
			name = Main.storyboard;
			sourceTree = "<group>";
		};
		A74FFF911EA086C300C1CD66 /* LaunchScreen.storyboard */ = {
			isa = PBXVariantGroup;
			children = (
				A74FFF921EA086C300C1CD66 /* Base */,
			);
			name = LaunchScreen.storyboard;
			sourceTree = "<group>";
		};
/* End PBXVariantGroup section */

/* Begin XCBuildConfiguration section */
		A74FFFAB1EA086C400C1CD66 /* Debug */ = {
			isa = XCBuildConfiguration;
			buildSettings = {
				ALWAYS_SEARCH_USER_PATHS = NO;
				CLANG_ANALYZER_NONNULL = YES;
				CLANG_CXX_LANGUAGE_STANDARD = "gnu++0x";
				CLANG_CXX_LIBRARY = "libc++";
				CLANG_ENABLE_MODULES = YES;
				CLANG_ENABLE_OBJC_ARC = YES;
				CLANG_WARN_BOOL_CONVERSION = YES;
				CLANG_WARN_CONSTANT_CONVERSION = YES;
				CLANG_WARN_DIRECT_OBJC_ISA_USAGE = YES_ERROR;
				CLANG_WARN_DOCUMENTATION_COMMENTS = YES;
				CLANG_WARN_EMPTY_BODY = YES;
				CLANG_WARN_ENUM_CONVERSION = YES;
				CLANG_WARN_INFINITE_RECURSION = YES;
				CLANG_WARN_INT_CONVERSION = YES;
				CLANG_WARN_OBJC_ROOT_CLASS = YES_ERROR;
				CLANG_WARN_SUSPICIOUS_MOVE = YES;
				CLANG_WARN_UNREACHABLE_CODE = YES;
				CLANG_WARN__DUPLICATE_METHOD_MATCH = YES;
				"CODE_SIGN_IDENTITY[sdk=iphoneos*]" = "iPhone Developer";
				COPY_PHASE_STRIP = NO;
				DEBUG_INFORMATION_FORMAT = dwarf;
				ENABLE_STRICT_OBJC_MSGSEND = YES;
				ENABLE_TESTABILITY = YES;
				GCC_C_LANGUAGE_STANDARD = gnu99;
				GCC_DYNAMIC_NO_PIC = NO;
				GCC_NO_COMMON_BLOCKS = YES;
				GCC_OPTIMIZATION_LEVEL = 0;
				GCC_PREPROCESSOR_DEFINITIONS = (
					"DEBUG=1",
					"$(inherited)",
				);
				GCC_WARN_64_TO_32_BIT_CONVERSION = YES;
				GCC_WARN_ABOUT_RETURN_TYPE = YES_ERROR;
				GCC_WARN_UNDECLARED_SELECTOR = YES;
				GCC_WARN_UNINITIALIZED_AUTOS = YES_AGGRESSIVE;
				GCC_WARN_UNUSED_FUNCTION = YES;
				GCC_WARN_UNUSED_VARIABLE = YES;
				IPHONEOS_DEPLOYMENT_TARGET = 10.2;
				MTL_ENABLE_DEBUG_INFO = YES;
				ONLY_ACTIVE_ARCH = YES;
				SDKROOT = iphoneos;
				SWIFT_ACTIVE_COMPILATION_CONDITIONS = DEBUG;
				SWIFT_OPTIMIZATION_LEVEL = "-Onone";
				TARGETED_DEVICE_FAMILY = "1,2";
			};
			name = Debug;
		};
		A74FFFAC1EA086C400C1CD66 /* Release */ = {
			isa = XCBuildConfiguration;
			buildSettings = {
				ALWAYS_SEARCH_USER_PATHS = NO;
				CLANG_ANALYZER_NONNULL = YES;
				CLANG_CXX_LANGUAGE_STANDARD = "gnu++0x";
				CLANG_CXX_LIBRARY = "libc++";
				CLANG_ENABLE_MODULES = YES;
				CLANG_ENABLE_OBJC_ARC = YES;
				CLANG_WARN_BOOL_CONVERSION = YES;
				CLANG_WARN_CONSTANT_CONVERSION = YES;
				CLANG_WARN_DIRECT_OBJC_ISA_USAGE = YES_ERROR;
				CLANG_WARN_DOCUMENTATION_COMMENTS = YES;
				CLANG_WARN_EMPTY_BODY = YES;
				CLANG_WARN_ENUM_CONVERSION = YES;
				CLANG_WARN_INFINITE_RECURSION = YES;
				CLANG_WARN_INT_CONVERSION = YES;
				CLANG_WARN_OBJC_ROOT_CLASS = YES_ERROR;
				CLANG_WARN_SUSPICIOUS_MOVE = YES;
				CLANG_WARN_UNREACHABLE_CODE = YES;
				CLANG_WARN__DUPLICATE_METHOD_MATCH = YES;
				"CODE_SIGN_IDENTITY[sdk=iphoneos*]" = "iPhone Developer";
				COPY_PHASE_STRIP = NO;
				DEBUG_INFORMATION_FORMAT = "dwarf-with-dsym";
				ENABLE_NS_ASSERTIONS = NO;
				ENABLE_STRICT_OBJC_MSGSEND = YES;
				GCC_C_LANGUAGE_STANDARD = gnu99;
				GCC_NO_COMMON_BLOCKS = YES;
				GCC_WARN_64_TO_32_BIT_CONVERSION = YES;
				GCC_WARN_ABOUT_RETURN_TYPE = YES_ERROR;
				GCC_WARN_UNDECLARED_SELECTOR = YES;
				GCC_WARN_UNINITIALIZED_AUTOS = YES_AGGRESSIVE;
				GCC_WARN_UNUSED_FUNCTION = YES;
				GCC_WARN_UNUSED_VARIABLE = YES;
				IPHONEOS_DEPLOYMENT_TARGET = 10.2;
				MTL_ENABLE_DEBUG_INFO = NO;
				SDKROOT = iphoneos;
				SWIFT_OPTIMIZATION_LEVEL = "-Owholemodule";
				TARGETED_DEVICE_FAMILY = "1,2";
				VALIDATE_PRODUCT = YES;
			};
			name = Release;
		};
		A74FFFAE1EA086C400C1CD66 /* Debug */ = {
			isa = XCBuildConfiguration;
			buildSettings = {
				ASSETCATALOG_COMPILER_APPICON_NAME = AppIcon;
				DEVELOPMENT_TEAM = SFFWT3XC4E;
				INFOPLIST_FILE = XCodeTest3/Info.plist;
				LD_RUNPATH_SEARCH_PATHS = "$(inherited) @executable_path/Frameworks";
				PRODUCT_BUNDLE_IDENTIFIER = jp.propos.XCodeTest3;
				PRODUCT_NAME = "$(TARGET_NAME)";
				SWIFT_VERSION = 3.0;
			};
			name = Debug;
		};
		A74FFFAF1EA086C400C1CD66 /* Release */ = {
			isa = XCBuildConfiguration;
			buildSettings = {
				ASSETCATALOG_COMPILER_APPICON_NAME = AppIcon;
				DEVELOPMENT_TEAM = SFFWT3XC4E;
				INFOPLIST_FILE = XCodeTest3/Info.plist;
				LD_RUNPATH_SEARCH_PATHS = "$(inherited) @executable_path/Frameworks";
				PRODUCT_BUNDLE_IDENTIFIER = jp.propos.XCodeTest3;
				PRODUCT_NAME = "$(TARGET_NAME)";
				SWIFT_VERSION = 3.0;
			};
			name = Release;
		};
		A74FFFB11EA086C400C1CD66 /* Debug */ = {
			isa = XCBuildConfiguration;
			buildSettings = {
				ALWAYS_EMBED_SWIFT_STANDARD_LIBRARIES = YES;
				BUNDLE_LOADER = "$(TEST_HOST)";
				DEVELOPMENT_TEAM = SFFWT3XC4E;
				INFOPLIST_FILE = XCodeTest3Tests/Info.plist;
				LD_RUNPATH_SEARCH_PATHS = "$(inherited) @executable_path/Frameworks @loader_path/Frameworks";
				PRODUCT_BUNDLE_IDENTIFIER = jp.propos.XCodeTest3Tests;
				PRODUCT_NAME = "$(TARGET_NAME)";
				SWIFT_VERSION = 3.0;
				TEST_HOST = "$(BUILT_PRODUCTS_DIR)/XCodeTest3.app/XCodeTest3";
			};
			name = Debug;
		};
		A74FFFB21EA086C400C1CD66 /* Release */ = {
			isa = XCBuildConfiguration;
			buildSettings = {
				ALWAYS_EMBED_SWIFT_STANDARD_LIBRARIES = YES;
				BUNDLE_LOADER = "$(TEST_HOST)";
				DEVELOPMENT_TEAM = SFFWT3XC4E;
				INFOPLIST_FILE = XCodeTest3Tests/Info.plist;
				LD_RUNPATH_SEARCH_PATHS = "$(inherited) @executable_path/Frameworks @loader_path/Frameworks";
				PRODUCT_BUNDLE_IDENTIFIER = jp.propos.XCodeTest3Tests;
				PRODUCT_NAME = "$(TARGET_NAME)";
				SWIFT_VERSION = 3.0;
				TEST_HOST = "$(BUILT_PRODUCTS_DIR)/XCodeTest3.app/XCodeTest3";
			};
			name = Release;
		};
		A74FFFB41EA086C400C1CD66 /* Debug */ = {
			isa = XCBuildConfiguration;
			buildSettings = {
				ALWAYS_EMBED_SWIFT_STANDARD_LIBRARIES = YES;
				DEVELOPMENT_TEAM = SFFWT3XC4E;
				INFOPLIST_FILE = XCodeTest3UITests/Info.plist;
				LD_RUNPATH_SEARCH_PATHS = "$(inherited) @executable_path/Frameworks @loader_path/Frameworks";
				PRODUCT_BUNDLE_IDENTIFIER = jp.propos.XCodeTest3UITests;
				PRODUCT_NAME = "$(TARGET_NAME)";
				SWIFT_VERSION = 3.0;
				TEST_TARGET_NAME = XCodeTest3;
			};
			name = Debug;
		};
		A74FFFB51EA086C400C1CD66 /* Release */ = {
			isa = XCBuildConfiguration;
			buildSettings = {
				ALWAYS_EMBED_SWIFT_STANDARD_LIBRARIES = YES;
				DEVELOPMENT_TEAM = SFFWT3XC4E;
				INFOPLIST_FILE = XCodeTest3UITests/Info.plist;
				LD_RUNPATH_SEARCH_PATHS = "$(inherited) @executable_path/Frameworks @loader_path/Frameworks";
				PRODUCT_BUNDLE_IDENTIFIER = jp.propos.XCodeTest3UITests;
				PRODUCT_NAME = "$(TARGET_NAME)";
				SWIFT_VERSION = 3.0;
				TEST_TARGET_NAME = XCodeTest3;
			};
			name = Release;
		};
/* End XCBuildConfiguration section */

/* Begin XCConfigurationList section */
		A74FFF801EA086C300C1CD66 /* Build configuration list for PBXProject "XCodeTest3" */ = {
			isa = XCConfigurationList;
			buildConfigurations = (
				A74FFFAB1EA086C400C1CD66 /* Debug */,
				A74FFFAC1EA086C400C1CD66 /* Release */,
			);
			defaultConfigurationIsVisible = 0;
			defaultConfigurationName = Release;
		};
		A74FFFAD1EA086C400C1CD66 /* Build configuration list for PBXNativeTarget "XCodeTest3" */ = {
			isa = XCConfigurationList;
			buildConfigurations = (
				A74FFFAE1EA086C400C1CD66 /* Debug */,
				A74FFFAF1EA086C400C1CD66 /* Release */,
			);
			defaultConfigurationIsVisible = 0;
		};
		A74FFFB01EA086C400C1CD66 /* Build configuration list for PBXNativeTarget "XCodeTest3Tests" */ = {
			isa = XCConfigurationList;
			buildConfigurations = (
				A74FFFB11EA086C400C1CD66 /* Debug */,
				A74FFFB21EA086C400C1CD66 /* Release */,
			);
			defaultConfigurationIsVisible = 0;
		};
		A74FFFB31EA086C400C1CD66 /* Build configuration list for PBXNativeTarget "XCodeTest3UITests" */ = {
			isa = XCConfigurationList;
			buildConfigurations = (
				A74FFFB41EA086C400C1CD66 /* Debug */,
				A74FFFB51EA086C400C1CD66 /* Release */,
			);
			defaultConfigurationIsVisible = 0;
		};
/* End XCConfigurationList section */
	};
	rootObject = A74FFF7D1EA086C300C1CD66 /* Project object */;
}
